
Microsoft Visual Studio Solution File, Format Version 12.00
# Visual Studio 2013
VisualStudioVersion = 12.0.31101.0
MinimumVisualStudioVersion = 10.0.40219.1
Project("{FAE04EC0-301F-11D3-BF4B-00C04F79EFBC}") = "Egnyte.Api", "Egnyte.Api\Egnyte.Api.csproj", "{A87EA96F-ED93-4D61-BD4C-6AB3029EF2E0}"
EndProject
Project("{FAE04EC0-301F-11D3-BF4B-00C04F79EFBC}") = "Egnyte.Api.Tests", "Egnyte.Api.Tests\Egnyte.Api.Tests.csproj", "{A2B13ED0-A42E-44B2-9721-88E2B523CAA6}"
EndProject
Project("{FAE04EC0-301F-11D3-BF4B-00C04F79EFBC}") = "Egnyte.Api.WebSample", "Egnyte.Api.WebSample\Egnyte.Api.WebSample.csproj", "{55564730-2579-450F-9C72-211150700379}"
EndProject
Global
	GlobalSection(SolutionConfigurationPlatforms) = preSolution
		Debug|Any CPU = Debug|Any CPU
		Release|Any CPU = Release|Any CPU
	EndGlobalSection
	GlobalSection(ProjectConfigurationPlatforms) = postSolution
		{A87EA96F-ED93-4D61-BD4C-6AB3029EF2E0}.Debug|Any CPU.ActiveCfg = Debug|Any CPU
		{A87EA96F-ED93-4D61-BD4C-6AB3029EF2E0}.Debug|Any CPU.Build.0 = Debug|Any CPU
		{A87EA96F-ED93-4D61-BD4C-6AB3029EF2E0}.Release|Any CPU.ActiveCfg = Release|Any CPU
		{A87EA96F-ED93-4D61-BD4C-6AB3029EF2E0}.Release|Any CPU.Build.0 = Release|Any CPU
		{A2B13ED0-A42E-44B2-9721-88E2B523CAA6}.Debug|Any CPU.ActiveCfg = Debug|Any CPU
		{A2B13ED0-A42E-44B2-9721-88E2B523CAA6}.Debug|Any CPU.Build.0 = Debug|Any CPU
		{A2B13ED0-A42E-44B2-9721-88E2B523CAA6}.Release|Any CPU.ActiveCfg = Release|Any CPU
		{A2B13ED0-A42E-44B2-9721-88E2B523CAA6}.Release|Any CPU.Build.0 = Release|Any CPU
		{55564730-2579-450F-9C72-211150700379}.Debug|Any CPU.ActiveCfg = Debug|Any CPU
		{55564730-2579-450F-9C72-211150700379}.Debug|Any CPU.Build.0 = Debug|Any CPU
		{55564730-2579-450F-9C72-211150700379}.Release|Any CPU.ActiveCfg = Release|Any CPU
		{55564730-2579-450F-9C72-211150700379}.Release|Any CPU.Build.0 = Release|Any CPU
	EndGlobalSection
	GlobalSection(SolutionProperties) = preSolution
		HideSolutionNode = FALSE
	EndGlobalSection
EndGlobal
